
Microsoft Visual Studio Solution File, Format Version 12.00
# Visual Studio Version 16
VisualStudioVersion = 16.0.30907.101
MinimumVisualStudioVersion = 10.0.40219.1
Project("{9A19103F-16F7-4668-BE54-9A1E7A4F7556}") = "Dashboard.API", "Dashboard.API\Dashboard.API.csproj", "{28AE5B63-F543-40B3-B578-25D62D4AB206}"
EndProject
Project("{9A19103F-16F7-4668-BE54-9A1E7A4F7556}") = "Dashboard.Infrastructure", "Dashboard.Infrastructure\Dashboard.Infrastructure.csproj", "{91AC1FC7-ADC8-4A9D-AF35-17D98AE97311}"
EndProject
Project("{9A19103F-16F7-4668-BE54-9A1E7A4F7556}") = "Dashboard.Application", "Dashboard.Application\Dashboard.Application.csproj", "{AF39F7A4-42A7-440D-B70C-78339495642D}"
EndProject
Project("{9A19103F-16F7-4668-BE54-9A1E7A4F7556}") = "Dashboard.Domain", "Dashboard.Domain\Dashboard.Domain.csproj", "{A7AB7B67-C5EF-41EA-A70F-EB21960324EF}"
EndProject
Project("{9A19103F-16F7-4668-BE54-9A1E7A4F7556}") = "Dashboard.IdentityServer", "Dashboard.IdentityServer4\Dashboard.IdentityServer.csproj", "{15B23A44-7C84-4E59-BBAB-4A98AE251E4E}"
EndProject
Global
	GlobalSection(SolutionConfigurationPlatforms) = preSolution
		Debug|Any CPU = Debug|Any CPU
		Release|Any CPU = Release|Any CPU
	EndGlobalSection
	GlobalSection(ProjectConfigurationPlatforms) = postSolution
		{28AE5B63-F543-40B3-B578-25D62D4AB206}.Debug|Any CPU.ActiveCfg = Debug|Any CPU
		{28AE5B63-F543-40B3-B578-25D62D4AB206}.Debug|Any CPU.Build.0 = Debug|Any CPU
		{28AE5B63-F543-40B3-B578-25D62D4AB206}.Release|Any CPU.ActiveCfg = Release|Any CPU
		{28AE5B63-F543-40B3-B578-25D62D4AB206}.Release|Any CPU.Build.0 = Release|Any CPU
		{91AC1FC7-ADC8-4A9D-AF35-17D98AE97311}.Debug|Any CPU.ActiveCfg = Debug|Any CPU
		{91AC1FC7-ADC8-4A9D-AF35-17D98AE97311}.Debug|Any CPU.Build.0 = Debug|Any CPU
		{91AC1FC7-ADC8-4A9D-AF35-17D98AE97311}.Release|Any CPU.ActiveCfg = Release|Any CPU
		{91AC1FC7-ADC8-4A9D-AF35-17D98AE97311}.Release|Any CPU.Build.0 = Release|Any CPU
		{AF39F7A4-42A7-440D-B70C-78339495642D}.Debug|Any CPU.ActiveCfg = Debug|Any CPU
		{AF39F7A4-42A7-440D-B70C-78339495642D}.Debug|Any CPU.Build.0 = Debug|Any CPU
		{AF39F7A4-42A7-440D-B70C-78339495642D}.Release|Any CPU.ActiveCfg = Release|Any CPU
		{AF39F7A4-42A7-440D-B70C-78339495642D}.Release|Any CPU.Build.0 = Release|Any CPU
		{A7AB7B67-C5EF-41EA-A70F-EB21960324EF}.Debug|Any CPU.ActiveCfg = Debug|Any CPU
		{A7AB7B67-C5EF-41EA-A70F-EB21960324EF}.Debug|Any CPU.Build.0 = Debug|Any CPU
		{A7AB7B67-C5EF-41EA-A70F-EB21960324EF}.Release|Any CPU.ActiveCfg = Release|Any CPU
		{A7AB7B67-C5EF-41EA-A70F-EB21960324EF}.Release|Any CPU.Build.0 = Release|Any CPU
		{15B23A44-7C84-4E59-BBAB-4A98AE251E4E}.Debug|Any CPU.ActiveCfg = Debug|Any CPU
		{15B23A44-7C84-4E59-BBAB-4A98AE251E4E}.Debug|Any CPU.Build.0 = Debug|Any CPU
		{15B23A44-7C84-4E59-BBAB-4A98AE251E4E}.Release|Any CPU.ActiveCfg = Release|Any CPU
		{15B23A44-7C84-4E59-BBAB-4A98AE251E4E}.Release|Any CPU.Build.0 = Release|Any CPU
	EndGlobalSection
	GlobalSection(SolutionProperties) = preSolution
		HideSolutionNode = FALSE
	EndGlobalSection
	GlobalSection(ExtensibilityGlobals) = postSolution
		SolutionGuid = {9B01C811-1130-40A6-8B34-91FC2D717D17}
	EndGlobalSection
EndGlobal
